
Microsoft Visual Studio Solution File, Format Version 12.00
# Visual Studio 2013
VisualStudioVersion = 12.0.30723.0
MinimumVisualStudioVersion = 10.0.40219.1
Project("{FAE04EC0-301F-11D3-BF4B-00C04F79EFBC}") = "FNNSharp", "FNNSharp\FNNSharp.csproj", "{905B3CA3-D4D9-46B2-AA66-5FE763A948D5}"
EndProject
Project("{FAE04EC0-301F-11D3-BF4B-00C04F79EFBC}") = "FNNLib", "FNNLib\FNNLib.csproj", "{5DCDDEDF-CCE5-4D4A-AD0E-73CAD2E8672F}"
EndProject
Project("{FAE04EC0-301F-11D3-BF4B-00C04F79EFBC}") = "FNNTest", "FNNTest\FNNTest.csproj", "{DA8CAAE5-C2F5-4DFA-BE7F-2F3D8B1113E7}"
EndProject
Global
	GlobalSection(SolutionConfigurationPlatforms) = preSolution
		Debug|Any CPU = Debug|Any CPU
		Release|Any CPU = Release|Any CPU
	EndGlobalSection
	GlobalSection(ProjectConfigurationPlatforms) = postSolution
		{905B3CA3-D4D9-46B2-AA66-5FE763A948D5}.Debug|Any CPU.ActiveCfg = Debug|Any CPU
		{905B3CA3-D4D9-46B2-AA66-5FE763A948D5}.Debug|Any CPU.Build.0 = Debug|Any CPU
		{905B3CA3-D4D9-46B2-AA66-5FE763A948D5}.Release|Any CPU.ActiveCfg = Release|Any CPU
		{905B3CA3-D4D9-46B2-AA66-5FE763A948D5}.Release|Any CPU.Build.0 = Release|Any CPU
		{5DCDDEDF-CCE5-4D4A-AD0E-73CAD2E8672F}.Debug|Any CPU.ActiveCfg = Debug|Any CPU
		{5DCDDEDF-CCE5-4D4A-AD0E-73CAD2E8672F}.Debug|Any CPU.Build.0 = Debug|Any CPU
		{5DCDDEDF-CCE5-4D4A-AD0E-73CAD2E8672F}.Release|Any CPU.ActiveCfg = Release|Any CPU
		{5DCDDEDF-CCE5-4D4A-AD0E-73CAD2E8672F}.Release|Any CPU.Build.0 = Release|Any CPU
		{DA8CAAE5-C2F5-4DFA-BE7F-2F3D8B1113E7}.Debug|Any CPU.ActiveCfg = Debug|Any CPU
		{DA8CAAE5-C2F5-4DFA-BE7F-2F3D8B1113E7}.Debug|Any CPU.Build.0 = Debug|Any CPU
		{DA8CAAE5-C2F5-4DFA-BE7F-2F3D8B1113E7}.Release|Any CPU.ActiveCfg = Release|Any CPU
		{DA8CAAE5-C2F5-4DFA-BE7F-2F3D8B1113E7}.Release|Any CPU.Build.0 = Release|Any CPU
	EndGlobalSection
	GlobalSection(SolutionProperties) = preSolution
		HideSolutionNode = FALSE
	EndGlobalSection
EndGlobal
